
Microsoft Visual Studio Solution File, Format Version 12.00
# Visual Studio Version 18
VisualStudioVersion = 18.7.11925.98
MinimumVisualStudioVersion = 10.0.40219.1
Project("{FAE04EC0-301F-11D3-BF4B-00C04F79EFBC}") = "Dometrain.EFCore.API", "Dometrain.EFCore.API\Dometrain.EFCore.API.csproj", "{2B791243-64DA-4FF0-8992-9FDD1A58C909}"
EndProject
Project("{FAE04EC0-301F-11D3-BF4B-00C04F79EFBC}") = "DometrainEFCore.APITEST", "DometrainEFCore.APITEST\DometrainEFCore.APITEST.csproj", "{30E343A2-5BA0-437C-98C5-05A7C40FE022}"
EndProject
Project("{FAE04EC0-301F-11D3-BF4B-00C04F79EFBC}") = "Tenant1", "Tenant1\Tenant1.csproj", "{3FC165F5-C958-4B57-9F74-7E056CF4163F}"
EndProject
Project("{FAE04EC0-301F-11D3-BF4B-00C04F79EFBC}") = "DatabaseSecond", "DatabaseSecond\DatabaseSecond.csproj", "{E9F3D527-FE2E-4FA1-A1F4-13E659E52A3D}"
EndProject
Global
	GlobalSection(SolutionConfigurationPlatforms) = preSolution
		Debug|Any CPU = Debug|Any CPU
		Release|Any CPU = Release|Any CPU
	EndGlobalSection
	GlobalSection(ProjectConfigurationPlatforms) = postSolution
		{2B791243-64DA-4FF0-8992-9FDD1A58C909}.Debug|Any CPU.ActiveCfg = Debug|Any CPU
		{2B791243-64DA-4FF0-8992-9FDD1A58C909}.Debug|Any CPU.Build.0 = Debug|Any CPU
		{2B791243-64DA-4FF0-8992-9FDD1A58C909}.Release|Any CPU.ActiveCfg = Release|Any CPU
		{2B791243-64DA-4FF0-8992-9FDD1A58C909}.Release|Any CPU.Build.0 = Release|Any CPU
		{30E343A2-5BA0-437C-98C5-05A7C40FE022}.Debug|Any CPU.ActiveCfg = Debug|Any CPU
		{30E343A2-5BA0-437C-98C5-05A7C40FE022}.Debug|Any CPU.Build.0 = Debug|Any CPU
		{30E343A2-5BA0-437C-98C5-05A7C40FE022}.Release|Any CPU.ActiveCfg = Release|Any CPU
		{30E343A2-5BA0-437C-98C5-05A7C40FE022}.Release|Any CPU.Build.0 = Release|Any CPU
		{3FC165F5-C958-4B57-9F74-7E056CF4163F}.Debug|Any CPU.ActiveCfg = Debug|Any CPU
		{3FC165F5-C958-4B57-9F74-7E056CF4163F}.Debug|Any CPU.Build.0 = Debug|Any CPU
		{3FC165F5-C958-4B57-9F74-7E056CF4163F}.Release|Any CPU.ActiveCfg = Release|Any CPU
		{3FC165F5-C958-4B57-9F74-7E056CF4163F}.Release|Any CPU.Build.0 = Release|Any CPU
		{E9F3D527-FE2E-4FA1-A1F4-13E659E52A3D}.Debug|Any CPU.ActiveCfg = Debug|Any CPU
		{E9F3D527-FE2E-4FA1-A1F4-13E659E52A3D}.Debug|Any CPU.Build.0 = Debug|Any CPU
		{E9F3D527-FE2E-4FA1-A1F4-13E659E52A3D}.Release|Any CPU.ActiveCfg = Release|Any CPU
		{E9F3D527-FE2E-4FA1-A1F4-13E659E52A3D}.Release|Any CPU.Build.0 = Release|Any CPU
	EndGlobalSection
	GlobalSection(SolutionProperties) = preSolution
		HideSolutionNode = FALSE
	EndGlobalSection
	GlobalSection(ExtensibilityGlobals) = postSolution
		SolutionGuid = {F3629482-E023-48E0-BA47-AC607E91B2EE}
	EndGlobalSection
EndGlobal
